<?xml version="1.0" encoding="utf-8"?>
<Project ToolsVersion="4.0" xmlns="http://schemas.microsoft.com/developer/msbuild/2003">
  <ItemGroup>
    <Filter Include="EngineA">
      <UniqueIdentifier>{7CC34CCB-E8A2-CB66-F1BA-563D5D1932C8}</UniqueIdentifier>
    </Filter>
  </ItemGroup>
  <ItemGroup>
    <ClInclude Include="src\EngineA.h" />
    <ClInclude Include="src\EngineA\Application.h">
      <Filter>EngineA</Filter>
    </ClInclude>
    <ClInclude Include="src\EngineA\Core.h">
      <Filter>EngineA</Filter>
    </ClInclude>
    <ClInclude Include="src\EngineA\EntryPoint.h">
      <Filter>EngineA</Filter>
    </ClInclude>
    <ClInclude Include="src\EngineA\Log.h">
      <Filter>EngineA</Filter>
    </ClInclude>
    <ClInclude Include="src\EngineA\Events\Event.h" />
    <ClInclude Include="src\EngineA\Events\KeyEvent.h" />
    <ClInclude Include="src\EngineA\Events\MouseEvent.h" />
    <ClInclude Include="src\EngineA\Events\ApplicationEvent.h" />
  </ItemGroup>
  <ItemGroup>
    <ClCompile Include="src\EngineA\Application.cpp">
      <Filter>EngineA</Filter>
    </ClCompile>
    <ClCompile Include="src\EngineA\Log.cpp">
      <Filter>EngineA</Filter>
    </ClCompile>
  </ItemGroup>
</Project>